// !$*UTF8*$!
{
	archiveVersion = 1;
	classes = {
	};
	objectVersion = 56;
	objects = {

/* Begin PBXBuildFile section */
		03F0579C2CC2FEFF00D20360 /* TestTagCoreDataApp.swift in Sources */ = {isa = PBXBuildFile; fileRef = 03F0579B2CC2FEFF00D20360 /* TestTagCoreDataApp.swift */; };
		03F0579E2CC2FEFF00D20360 /* Persistence.swift in Sources */ = {isa = PBXBuildFile; fileRef = 03F0579D2CC2FEFF00D20360 /* Persistence.swift */; };
		03F057A12CC2FEFF00D20360 /* TestTagCoreData.xcdatamodeld in Sources */ = {isa = PBXBuildFile; fileRef = 03F0579F2CC2FEFF00D20360 /* TestTagCoreData.xcdatamodeld */; };
		03F057A32CC2FEFF00D20360 /* RegistrationView.swift in Sources */ = {isa = PBXBuildFile; fileRef = 03F057A22CC2FEFF00D20360 /* RegistrationView.swift */; };
		03F057A52CC2FF0000D20360 /* Assets.xcassets in Resources */ = {isa = PBXBuildFile; fileRef = 03F057A42CC2FF0000D20360 /* Assets.xcassets */; };
		03F057A92CC2FF0000D20360 /* Preview Assets.xcassets in Resources */ = {isa = PBXBuildFile; fileRef = 03F057A82CC2FF0000D20360 /* Preview Assets.xcassets */; };
		03F057B02CC3008300D20360 /* TagAddView.swift in Sources */ = {isa = PBXBuildFile; fileRef = 03F057AF2CC3008300D20360 /* TagAddView.swift */; };
		03F057B42CC3012C00D20360 /* TagButtonDetail.swift in Sources */ = {isa = PBXBuildFile; fileRef = 03F057B32CC3012C00D20360 /* TagButtonDetail.swift */; };
/* End PBXBuildFile section */

/* Begin PBXFileReference section */
		03F057982CC2FEFF00D20360 /* TestTagCoreData.app */ = {isa = PBXFileReference; explicitFileType = wrapper.application; includeInIndex = 0; path = TestTagCoreData.app; sourceTree = BUILT_PRODUCTS_DIR; };
		03F0579B2CC2FEFF00D20360 /* TestTagCoreDataApp.swift */ = {isa = PBXFileReference; lastKnownFileType = sourcecode.swift; path = TestTagCoreDataApp.swift; sourceTree = "<group>"; };
		03F0579D2CC2FEFF00D20360 /* Persistence.swift */ = {isa = PBXFileReference; lastKnownFileType = sourcecode.swift; path = Persistence.swift; sourceTree = "<group>"; };
		03F057A02CC2FEFF00D20360 /* TestTagCoreData.xcdatamodel */ = {isa = PBXFileReference; lastKnownFileType = wrapper.xcdatamodel; path = TestTagCoreData.xcdatamodel; sourceTree = "<group>"; };
		03F057A22CC2FEFF00D20360 /* RegistrationView.swift */ = {isa = PBXFileReference; lastKnownFileType = sourcecode.swift; path = RegistrationView.swift; sourceTree = "<group>"; };
		03F057A42CC2FF0000D20360 /* Assets.xcassets */ = {isa = PBXFileReference; lastKnownFileType = folder.assetcatalog; path = Assets.xcassets; sourceTree = "<group>"; };
		03F057A62CC2FF0000D20360 /* TestTagCoreData.entitlements */ = {isa = PBXFileReference; lastKnownFileType = text.plist.entitlements; path = TestTagCoreData.entitlements; sourceTree = "<group>"; };
		03F057A82CC2FF0000D20360 /* Preview Assets.xcassets */ = {isa = PBXFileReference; lastKnownFileType = folder.assetcatalog; path = "Preview Assets.xcassets"; sourceTree = "<group>"; };
		03F057AF2CC3008300D20360 /* TagAddView.swift */ = {isa = PBXFileReference; lastKnownFileType = sourcecode.swift; path = TagAddView.swift; sourceTree = "<group>"; };
		03F057B32CC3012C00D20360 /* TagButtonDetail.swift */ = {isa = PBXFileReference; lastKnownFileType = sourcecode.swift; path = TagButtonDetail.swift; sourceTree = "<group>"; };
/* End PBXFileReference section */

/* Begin PBXFrameworksBuildPhase section */
		03F057952CC2FEFF00D20360 /* Frameworks */ = {
			isa = PBXFrameworksBuildPhase;
			buildActionMask = 2147483647;
			files = (
			);
			runOnlyForDeploymentPostprocessing = 0;
		};
/* End PBXFrameworksBuildPhase section */

/* Begin PBXGroup section */
		03F0578F2CC2FEFF00D20360 = {
			isa = PBXGroup;
			children = (
				03F0579A2CC2FEFF00D20360 /* TestTagCoreData */,
				03F057992CC2FEFF00D20360 /* Products */,
			);
			sourceTree = "<group>";
		};
		03F057992CC2FEFF00D20360 /* Products */ = {
			isa = PBXGroup;
			children = (
				03F057982CC2FEFF00D20360 /* TestTagCoreData.app */,
			);
			name = Products;
			sourceTree = "<group>";
		};
		03F0579A2CC2FEFF00D20360 /* TestTagCoreData */ = {
			isa = PBXGroup;
			children = (
				03F0579B2CC2FEFF00D20360 /* TestTagCoreDataApp.swift */,
				03F0579D2CC2FEFF00D20360 /* Persistence.swift */,
				03F057B32CC3012C00D20360 /* TagButtonDetail.swift */,
				03F057AF2CC3008300D20360 /* TagAddView.swift */,
				03F057A22CC2FEFF00D20360 /* RegistrationView.swift */,
				03F057A42CC2FF0000D20360 /* Assets.xcassets */,
				03F057A62CC2FF0000D20360 /* TestTagCoreData.entitlements */,
				03F0579F2CC2FEFF00D20360 /* TestTagCoreData.xcdatamodeld */,
				03F057A72CC2FF0000D20360 /* Preview Content */,
			);
			path = TestTagCoreData;
			sourceTree = "<group>";
		};
		03F057A72CC2FF0000D20360 /* Preview Content */ = {
			isa = PBXGroup;
			children = (
				03F057A82CC2FF0000D20360 /* Preview Assets.xcassets */,
			);
			path = "Preview Content";
			sourceTree = "<group>";
		};
/* End PBXGroup section */

/* Begin PBXNativeTarget section */
		03F057972CC2FEFF00D20360 /* TestTagCoreData */ = {
			isa = PBXNativeTarget;
			buildConfigurationList = 03F057AC2CC2FF0000D20360 /* Build configuration list for PBXNativeTarget "TestTagCoreData" */;
			buildPhases = (
				03F057942CC2FEFF00D20360 /* Sources */,
				03F057952CC2FEFF00D20360 /* Frameworks */,
				03F057962CC2FEFF00D20360 /* Resources */,
			);
			buildRules = (
			);
			dependencies = (
			);
			name = TestTagCoreData;
			productName = TestTagCoreData;
			productReference = 03F057982CC2FEFF00D20360 /* TestTagCoreData.app */;
			productType = "com.apple.product-type.application";
		};
/* End PBXNativeTarget section */

/* Begin PBXProject section */
		03F057902CC2FEFF00D20360 /* Project object */ = {
			isa = PBXProject;
			attributes = {
				BuildIndependentTargetsInParallel = 1;
				LastSwiftUpdateCheck = 1540;
				LastUpgradeCheck = 1540;
				TargetAttributes = {
					03F057972CC2FEFF00D20360 = {
						CreatedOnToolsVersion = 15.4;
					};
				};
			};
			buildConfigurationList = 03F057932CC2FEFF00D20360 /* Build configuration list for PBXProject "TestTagCoreData" */;
			compatibilityVersion = "Xcode 14.0";
			developmentRegion = en;
			hasScannedForEncodings = 0;
			knownRegions = (
				en,
				Base,
			);
			mainGroup = 03F0578F2CC2FEFF00D20360;
			productRefGroup = 03F057992CC2FEFF00D20360 /* Products */;
			projectDirPath = "";
			projectRoot = "";
			targets = (
				03F057972CC2FEFF00D20360 /* TestTagCoreData */,
			);
		};
/* End PBXProject section */

/* Begin PBXResourcesBuildPhase section */
		03F057962CC2FEFF00D20360 /* Resources */ = {
			isa = PBXResourcesBuildPhase;
			buildActionMask = 2147483647;
			files = (
				03F057A92CC2FF0000D20360 /* Preview Assets.xcassets in Resources */,
				03F057A52CC2FF0000D20360 /* Assets.xcassets in Resources */,
			);
			runOnlyForDeploymentPostprocessing = 0;
		};
/* End PBXResourcesBuildPhase section */

/* Begin PBXSourcesBuildPhase section */
		03F057942CC2FEFF00D20360 /* Sources */ = {
			isa = PBXSourcesBuildPhase;
			buildActionMask = 2147483647;
			files = (
				03F0579C2CC2FEFF00D20360 /* TestTagCoreDataApp.swift in Sources */,
				03F0579E2CC2FEFF00D20360 /* Persistence.swift in Sources */,
				03F057A32CC2FEFF00D20360 /* RegistrationView.swift in Sources */,
				03F057B02CC3008300D20360 /* TagAddView.swift in Sources */,
				03F057A12CC2FEFF00D20360 /* TestTagCoreData.xcdatamodeld in Sources */,
				03F057B42CC3012C00D20360 /* TagButtonDetail.swift in Sources */,
			);
			runOnlyForDeploymentPostprocessing = 0;
		};
/* End PBXSourcesBuildPhase section */

/* Begin XCBuildConfiguration section */
		03F057AA2CC2FF0000D20360 /* Debug */ = {
			isa = XCBuildConfiguration;
			buildSettings = {
				ALWAYS_SEARCH_USER_PATHS = NO;
				ASSETCATALOG_COMPILER_GENERATE_SWIFT_ASSET_SYMBOL_EXTENSIONS = YES;
				CLANG_ANALYZER_NONNULL = YES;
				CLANG_ANALYZER_NUMBER_OBJECT_CONVERSION = YES_AGGRESSIVE;
				CLANG_CXX_LANGUAGE_STANDARD = "gnu++20";
				CLANG_ENABLE_MODULES = YES;
				CLANG_ENABLE_OBJC_ARC = YES;
				CLANG_ENABLE_OBJC_WEAK = YES;
				CLANG_WARN_BLOCK_CAPTURE_AUTORELEASING = YES;
				CLANG_WARN_BOOL_CONVERSION = YES;
				CLANG_WARN_COMMA = YES;
				CLANG_WARN_CONSTANT_CONVERSION = YES;
				CLANG_WARN_DEPRECATED_OBJC_IMPLEMENTATIONS = YES;
				CLANG_WARN_DIRECT_OBJC_ISA_USAGE = YES_ERROR;
				CLANG_WARN_DOCUMENTATION_COMMENTS = YES;
				CLANG_WARN_EMPTY_BODY = YES;
				CLANG_WARN_ENUM_CONVERSION = YES;
				CLANG_WARN_INFINITE_RECURSION = YES;
				CLANG_WARN_INT_CONVERSION = YES;
				CLANG_WARN_NON_LITERAL_NULL_CONVERSION = YES;
				CLANG_WARN_OBJC_IMPLICIT_RETAIN_SELF = YES;
				CLANG_WARN_OBJC_LITERAL_CONVERSION = YES;
				CLANG_WARN_OBJC_ROOT_CLASS = YES_ERROR;
				CLANG_WARN_QUOTED_INCLUDE_IN_FRAMEWORK_HEADER = YES;
				CLANG_WARN_RANGE_LOOP_ANALYSIS = YES;
				CLANG_WARN_STRICT_PROTOTYPES = YES;
				CLANG_WARN_SUSPICIOUS_MOVE = YES;
				CLANG_WARN_UNGUARDED_AVAILABILITY = YES_AGGRESSIVE;
				CLANG_WARN_UNREACHABLE_CODE = YES;
				CLANG_WARN__DUPLICATE_METHOD_MATCH = YES;
				COPY_PHASE_STRIP = NO;
				DEBUG_INFORMATION_FORMAT = dwarf;
				ENABLE_STRICT_OBJC_MSGSEND = YES;
				ENABLE_TESTABILITY = YES;
				ENABLE_USER_SCRIPT_SANDBOXING = YES;
				GCC_C_LANGUAGE_STANDARD = gnu17;
				GCC_DYNAMIC_NO_PIC = NO;
				GCC_NO_COMMON_BLOCKS = YES;
				GCC_OPTIMIZATION_LEVEL = 0;
				GCC_PREPROCESSOR_DEFINITIONS = (
					"DEBUG=1",
					"$(inherited)",
				);
				GCC_WARN_64_TO_32_BIT_CONVERSION = YES;
				GCC_WARN_ABOUT_RETURN_TYPE = YES_ERROR;
				GCC_WARN_UNDECLARED_SELECTOR = YES;
				GCC_WARN_UNINITIALIZED_AUTOS = YES_AGGRESSIVE;
				GCC_WARN_UNUSED_FUNCTION = YES;
				GCC_WARN_UNUSED_VARIABLE = YES;
				LOCALIZATION_PREFERS_STRING_CATALOGS = YES;
				MTL_ENABLE_DEBUG_INFO = INCLUDE_SOURCE;
				MTL_FAST_MATH = YES;
				ONLY_ACTIVE_ARCH = YES;
				SWIFT_ACTIVE_COMPILATION_CONDITIONS = "DEBUG $(inherited)";
				SWIFT_OPTIMIZATION_LEVEL = "-Onone";
			};
			name = Debug;
		};
		03F057AB2CC2FF0000D20360 /* Release */ = {
			isa = XCBuildConfiguration;
			buildSettings = {
				ALWAYS_SEARCH_USER_PATHS = NO;
				ASSETCATALOG_COMPILER_GENERATE_SWIFT_ASSET_SYMBOL_EXTENSIONS = YES;
				CLANG_ANALYZER_NONNULL = YES;
				CLANG_ANALYZER_NUMBER_OBJECT_CONVERSION = YES_AGGRESSIVE;
				CLANG_CXX_LANGUAGE_STANDARD = "gnu++20";
				CLANG_ENABLE_MODULES = YES;
				CLANG_ENABLE_OBJC_ARC = YES;
				CLANG_ENABLE_OBJC_WEAK = YES;
				CLANG_WARN_BLOCK_CAPTURE_AUTORELEASING = YES;
				CLANG_WARN_BOOL_CONVERSION = YES;
				CLANG_WARN_COMMA = YES;
				CLANG_WARN_CONSTANT_CONVERSION = YES;
				CLANG_WARN_DEPRECATED_OBJC_IMPLEMENTATIONS = YES;
				CLANG_WARN_DIRECT_OBJC_ISA_USAGE = YES_ERROR;
				CLANG_WARN_DOCUMENTATION_COMMENTS = YES;
				CLANG_WARN_EMPTY_BODY = YES;
				CLANG_WARN_ENUM_CONVERSION = YES;
				CLANG_WARN_INFINITE_RECURSION = YES;
				CLANG_WARN_INT_CONVERSION = YES;
				CLANG_WARN_NON_LITERAL_NULL_CONVERSION = YES;
				CLANG_WARN_OBJC_IMPLICIT_RETAIN_SELF = YES;
				CLANG_WARN_OBJC_LITERAL_CONVERSION = YES;
				CLANG_WARN_OBJC_ROOT_CLASS = YES_ERROR;
				CLANG_WARN_QUOTED_INCLUDE_IN_FRAMEWORK_HEADER = YES;
				CLANG_WARN_RANGE_LOOP_ANALYSIS = YES;
				CLANG_WARN_STRICT_PROTOTYPES = YES;
				CLANG_WARN_SUSPICIOUS_MOVE = YES;
				CLANG_WARN_UNGUARDED_AVAILABILITY = YES_AGGRESSIVE;
				CLANG_WARN_UNREACHABLE_CODE = YES;
				CLANG_WARN__DUPLICATE_METHOD_MATCH = YES;
				COPY_PHASE_STRIP = NO;
				DEBUG_INFORMATION_FORMAT = "dwarf-with-dsym";
				ENABLE_NS_ASSERTIONS = NO;
				ENABLE_STRICT_OBJC_MSGSEND = YES;
				ENABLE_USER_SCRIPT_SANDBOXING = YES;
				GCC_C_LANGUAGE_STANDARD = gnu17;
				GCC_NO_COMMON_BLOCKS = YES;
				GCC_WARN_64_TO_32_BIT_CONVERSION = YES;
				GCC_WARN_ABOUT_RETURN_TYPE = YES_ERROR;
				GCC_WARN_UNDECLARED_SELECTOR = YES;
				GCC_WARN_UNINITIALIZED_AUTOS = YES_AGGRESSIVE;
				GCC_WARN_UNUSED_FUNCTION = YES;
				GCC_WARN_UNUSED_VARIABLE = YES;
				LOCALIZATION_PREFERS_STRING_CATALOGS = YES;
				MTL_ENABLE_DEBUG_INFO = NO;
				MTL_FAST_MATH = YES;
				SWIFT_COMPILATION_MODE = wholemodule;
			};
			name = Release;
		};
		03F057AD2CC2FF0000D20360 /* Debug */ = {
			isa = XCBuildConfiguration;
			buildSettings = {
				ASSETCATALOG_COMPILER_APPICON_NAME = AppIcon;
				ASSETCATALOG_COMPILER_GLOBAL_ACCENT_COLOR_NAME = AccentColor;
				CODE_SIGN_ENTITLEMENTS = TestTagCoreData/TestTagCoreData.entitlements;
				CODE_SIGN_STYLE = Automatic;
				CURRENT_PROJECT_VERSION = 1;
				DEVELOPMENT_ASSET_PATHS = "\"TestTagCoreData/Preview Content\"";
				ENABLE_PREVIEWS = YES;
				GENERATE_INFOPLIST_FILE = YES;
				"INFOPLIST_KEY_UIApplicationSceneManifest_Generation[sdk=iphoneos*]" = YES;
				"INFOPLIST_KEY_UIApplicationSceneManifest_Generation[sdk=iphonesimulator*]" = YES;
				"INFOPLIST_KEY_UIApplicationSupportsIndirectInputEvents[sdk=iphoneos*]" = YES;
				"INFOPLIST_KEY_UIApplicationSupportsIndirectInputEvents[sdk=iphonesimulator*]" = YES;
				"INFOPLIST_KEY_UILaunchScreen_Generation[sdk=iphoneos*]" = YES;
				"INFOPLIST_KEY_UILaunchScreen_Generation[sdk=iphonesimulator*]" = YES;
				"INFOPLIST_KEY_UIStatusBarStyle[sdk=iphoneos*]" = UIStatusBarStyleDefault;
				"INFOPLIST_KEY_UIStatusBarStyle[sdk=iphonesimulator*]" = UIStatusBarStyleDefault;
				INFOPLIST_KEY_UISupportedInterfaceOrientations_iPad = "UIInterfaceOrientationPortrait UIInterfaceOrientationPortraitUpsideDown UIInterfaceOrientationLandscapeLeft UIInterfaceOrientationLandscapeRight";
				INFOPLIST_KEY_UISupportedInterfaceOrientations_iPhone = "UIInterfaceOrientationPortrait UIInterfaceOrientationLandscapeLeft UIInterfaceOrientationLandscapeRight";
				IPHONEOS_DEPLOYMENT_TARGET = 17.5;
				LD_RUNPATH_SEARCH_PATHS = "@executable_path/Frameworks";
				"LD_RUNPATH_SEARCH_PATHS[sdk=macosx*]" = "@executable_path/../Frameworks";
				MACOSX_DEPLOYMENT_TARGET = 14.5;
				MARKETING_VERSION = 1.0;
				PRODUCT_BUNDLE_IDENTIFIER = takahashi20241016.TestTagCoreData;
				PRODUCT_NAME = "$(TARGET_NAME)";
				SDKROOT = auto;
				SUPPORTED_PLATFORMS = "iphoneos iphonesimulator macosx";
				SWIFT_EMIT_LOC_STRINGS = YES;
				SWIFT_VERSION = 5.0;
				TARGETED_DEVICE_FAMILY = "1,2";
			};
			name = Debug;
		};
		03F057AE2CC2FF0000D20360 /* Release */ = {
			isa = XCBuildConfiguration;
			buildSettings = {
				ASSETCATALOG_COMPILER_APPICON_NAME = AppIcon;
				ASSETCATALOG_COMPILER_GLOBAL_ACCENT_COLOR_NAME = AccentColor;
				CODE_SIGN_ENTITLEMENTS = TestTagCoreData/TestTagCoreData.entitlements;
				CODE_SIGN_STYLE = Automatic;
				CURRENT_PROJECT_VERSION = 1;
				DEVELOPMENT_ASSET_PATHS = "\"TestTagCoreData/Preview Content\"";
				ENABLE_PREVIEWS = YES;
				GENERATE_INFOPLIST_FILE = YES;
				"INFOPLIST_KEY_UIApplicationSceneManifest_Generation[sdk=iphoneos*]" = YES;
				"INFOPLIST_KEY_UIApplicationSceneManifest_Generation[sdk=iphonesimulator*]" = YES;
				"INFOPLIST_KEY_UIApplicationSupportsIndirectInputEvents[sdk=iphoneos*]" = YES;
				"INFOPLIST_KEY_UIApplicationSupportsIndirectInputEvents[sdk=iphonesimulator*]" = YES;
				"INFOPLIST_KEY_UILaunchScreen_Generation[sdk=iphoneos*]" = YES;
				"INFOPLIST_KEY_UILaunchScreen_Generation[sdk=iphonesimulator*]" = YES;
				"INFOPLIST_KEY_UIStatusBarStyle[sdk=iphoneos*]" = UIStatusBarStyleDefault;
				"INFOPLIST_KEY_UIStatusBarStyle[sdk=iphonesimulator*]" = UIStatusBarStyleDefault;
				INFOPLIST_KEY_UISupportedInterfaceOrientations_iPad = "UIInterfaceOrientationPortrait UIInterfaceOrientationPortraitUpsideDown UIInterfaceOrientationLandscapeLeft UIInterfaceOrientationLandscapeRight";
				INFOPLIST_KEY_UISupportedInterfaceOrientations_iPhone = "UIInterfaceOrientationPortrait UIInterfaceOrientationLandscapeLeft UIInterfaceOrientationLandscapeRight";
				IPHONEOS_DEPLOYMENT_TARGET = 17.5;
				LD_RUNPATH_SEARCH_PATHS = "@executable_path/Frameworks";
				"LD_RUNPATH_SEARCH_PATHS[sdk=macosx*]" = "@executable_path/../Frameworks";
				MACOSX_DEPLOYMENT_TARGET = 14.5;
				MARKETING_VERSION = 1.0;
				PRODUCT_BUNDLE_IDENTIFIER = takahashi20241016.TestTagCoreData;
				PRODUCT_NAME = "$(TARGET_NAME)";
				SDKROOT = auto;
				SUPPORTED_PLATFORMS = "iphoneos iphonesimulator macosx";
				SWIFT_EMIT_LOC_STRINGS = YES;
				SWIFT_VERSION = 5.0;
				TARGETED_DEVICE_FAMILY = "1,2";
			};
			name = Release;
		};
/* End XCBuildConfiguration section */

/* Begin XCConfigurationList section */
		03F057932CC2FEFF00D20360 /* Build configuration list for PBXProject "TestTagCoreData" */ = {
			isa = XCConfigurationList;
			buildConfigurations = (
				03F057AA2CC2FF0000D20360 /* Debug */,
				03F057AB2CC2FF0000D20360 /* Release */,
			);
			defaultConfigurationIsVisible = 0;
			defaultConfigurationName = Release;
		};
		03F057AC2CC2FF0000D20360 /* Build configuration list for PBXNativeTarget "TestTagCoreData" */ = {
			isa = XCConfigurationList;
			buildConfigurations = (
				03F057AD2CC2FF0000D20360 /* Debug */,
				03F057AE2CC2FF0000D20360 /* Release */,
			);
			defaultConfigurationIsVisible = 0;
			defaultConfigurationName = Release;
		};
/* End XCConfigurationList section */

/* Begin XCVersionGroup section */
		03F0579F2CC2FEFF00D20360 /* TestTagCoreData.xcdatamodeld */ = {
			isa = XCVersionGroup;
			children = (
				03F057A02CC2FEFF00D20360 /* TestTagCoreData.xcdatamodel */,
			);
			currentVersion = 03F057A02CC2FEFF00D20360 /* TestTagCoreData.xcdatamodel */;
			path = TestTagCoreData.xcdatamodeld;
			sourceTree = "<group>";
			versionGroupType = wrapper.xcdatamodel;
		};
/* End XCVersionGroup section */
	};
	rootObject = 03F057902CC2FEFF00D20360 /* Project object */;
}
