// !$*UTF8*$!
{
	archiveVersion = 1;
	classes = {
	};
	objectVersion = 56;
	objects = {

/* Begin PBXBuildFile section */
		03E663742CB889CE0023BBB2 /* TestMapAndAddressApp.swift in Sources */ = {isa = PBXBuildFile; fileRef = 03E663732CB889CE0023BBB2 /* TestMapAndAddressApp.swift */; };
		03E663762CB889CE0023BBB2 /* Persistence.swift in Sources */ = {isa = PBXBuildFile; fileRef = 03E663752CB889CE0023BBB2 /* Persistence.swift */; };
		03E663792CB889CE0023BBB2 /* TestMapAndAddress.xcdatamodeld in Sources */ = {isa = PBXBuildFile; fileRef = 03E663772CB889CE0023BBB2 /* TestMapAndAddress.xcdatamodeld */; };
		03E6637B2CB889CE0023BBB2 /* TestMapAndAddressView.swift in Sources */ = {isa = PBXBuildFile; fileRef = 03E6637A2CB889CE0023BBB2 /* TestMapAndAddressView.swift */; };
		03E6637D2CB889D00023BBB2 /* Assets.xcassets in Resources */ = {isa = PBXBuildFile; fileRef = 03E6637C2CB889D00023BBB2 /* Assets.xcassets */; };
		03E663812CB889D00023BBB2 /* Preview Assets.xcassets in Resources */ = {isa = PBXBuildFile; fileRef = 03E663802CB889D00023BBB2 /* Preview Assets.xcassets */; };
		03E663882CB88A800023BBB2 /* TestMapAndAddressViewModel.swift in Sources */ = {isa = PBXBuildFile; fileRef = 03E663872CB88A800023BBB2 /* TestMapAndAddressViewModel.swift */; };
		03F0576F2CBD4F1B00D20360 /* HomeView.swift in Sources */ = {isa = PBXBuildFile; fileRef = 03F0576E2CBD4F1B00D20360 /* HomeView.swift */; };
		03F057712CBDA2EA00D20360 /* StoreDetailView.swift in Sources */ = {isa = PBXBuildFile; fileRef = 03F057702CBDA2EA00D20360 /* StoreDetailView.swift */; };
		03F057732CBDC99500D20360 /* HomeViewModel.swift in Sources */ = {isa = PBXBuildFile; fileRef = 03F057722CBDC99500D20360 /* HomeViewModel.swift */; };
/* End PBXBuildFile section */

/* Begin PBXFileReference section */
		03E663702CB889CE0023BBB2 /* TestMapAndAddress.app */ = {isa = PBXFileReference; explicitFileType = wrapper.application; includeInIndex = 0; path = TestMapAndAddress.app; sourceTree = BUILT_PRODUCTS_DIR; };
		03E663732CB889CE0023BBB2 /* TestMapAndAddressApp.swift */ = {isa = PBXFileReference; lastKnownFileType = sourcecode.swift; path = TestMapAndAddressApp.swift; sourceTree = "<group>"; };
		03E663752CB889CE0023BBB2 /* Persistence.swift */ = {isa = PBXFileReference; lastKnownFileType = sourcecode.swift; path = Persistence.swift; sourceTree = "<group>"; };
		03E663782CB889CE0023BBB2 /* TestMapAndAddress.xcdatamodel */ = {isa = PBXFileReference; lastKnownFileType = wrapper.xcdatamodel; path = TestMapAndAddress.xcdatamodel; sourceTree = "<group>"; };
		03E6637A2CB889CE0023BBB2 /* TestMapAndAddressView.swift */ = {isa = PBXFileReference; lastKnownFileType = sourcecode.swift; path = TestMapAndAddressView.swift; sourceTree = "<group>"; };
		03E6637C2CB889D00023BBB2 /* Assets.xcassets */ = {isa = PBXFileReference; lastKnownFileType = folder.assetcatalog; path = Assets.xcassets; sourceTree = "<group>"; };
		03E6637E2CB889D00023BBB2 /* TestMapAndAddress.entitlements */ = {isa = PBXFileReference; lastKnownFileType = text.plist.entitlements; path = TestMapAndAddress.entitlements; sourceTree = "<group>"; };
		03E663802CB889D00023BBB2 /* Preview Assets.xcassets */ = {isa = PBXFileReference; lastKnownFileType = folder.assetcatalog; path = "Preview Assets.xcassets"; sourceTree = "<group>"; };
		03E663872CB88A800023BBB2 /* TestMapAndAddressViewModel.swift */ = {isa = PBXFileReference; lastKnownFileType = sourcecode.swift; path = TestMapAndAddressViewModel.swift; sourceTree = "<group>"; };
		03F0576E2CBD4F1B00D20360 /* HomeView.swift */ = {isa = PBXFileReference; lastKnownFileType = sourcecode.swift; path = HomeView.swift; sourceTree = "<group>"; };
		03F057702CBDA2EA00D20360 /* StoreDetailView.swift */ = {isa = PBXFileReference; lastKnownFileType = sourcecode.swift; path = StoreDetailView.swift; sourceTree = "<group>"; };
		03F057722CBDC99500D20360 /* HomeViewModel.swift */ = {isa = PBXFileReference; lastKnownFileType = sourcecode.swift; path = HomeViewModel.swift; sourceTree = "<group>"; };
/* End PBXFileReference section */

/* Begin PBXFrameworksBuildPhase section */
		03E6636D2CB889CE0023BBB2 /* Frameworks */ = {
			isa = PBXFrameworksBuildPhase;
			buildActionMask = 2147483647;
			files = (
			);
			runOnlyForDeploymentPostprocessing = 0;
		};
/* End PBXFrameworksBuildPhase section */

/* Begin PBXGroup section */
		03E663672CB889CE0023BBB2 = {
			isa = PBXGroup;
			children = (
				03E663722CB889CE0023BBB2 /* TestMapAndAddress */,
				03E663712CB889CE0023BBB2 /* Products */,
			);
			sourceTree = "<group>";
		};
		03E663712CB889CE0023BBB2 /* Products */ = {
			isa = PBXGroup;
			children = (
				03E663702CB889CE0023BBB2 /* TestMapAndAddress.app */,
			);
			name = Products;
			sourceTree = "<group>";
		};
		03E663722CB889CE0023BBB2 /* TestMapAndAddress */ = {
			isa = PBXGroup;
			children = (
				03E663732CB889CE0023BBB2 /* TestMapAndAddressApp.swift */,
				03E663752CB889CE0023BBB2 /* Persistence.swift */,
				03F057702CBDA2EA00D20360 /* StoreDetailView.swift */,
				03F0576E2CBD4F1B00D20360 /* HomeView.swift */,
				03F057722CBDC99500D20360 /* HomeViewModel.swift */,
				03E6637A2CB889CE0023BBB2 /* TestMapAndAddressView.swift */,
				03E663872CB88A800023BBB2 /* TestMapAndAddressViewModel.swift */,
				03E6637C2CB889D00023BBB2 /* Assets.xcassets */,
				03E6637E2CB889D00023BBB2 /* TestMapAndAddress.entitlements */,
				03E663772CB889CE0023BBB2 /* TestMapAndAddress.xcdatamodeld */,
				03E6637F2CB889D00023BBB2 /* Preview Content */,
			);
			path = TestMapAndAddress;
			sourceTree = "<group>";
		};
		03E6637F2CB889D00023BBB2 /* Preview Content */ = {
			isa = PBXGroup;
			children = (
				03E663802CB889D00023BBB2 /* Preview Assets.xcassets */,
			);
			path = "Preview Content";
			sourceTree = "<group>";
		};
/* End PBXGroup section */

/* Begin PBXNativeTarget section */
		03E6636F2CB889CE0023BBB2 /* TestMapAndAddress */ = {
			isa = PBXNativeTarget;
			buildConfigurationList = 03E663842CB889D00023BBB2 /* Build configuration list for PBXNativeTarget "TestMapAndAddress" */;
			buildPhases = (
				03E6636C2CB889CE0023BBB2 /* Sources */,
				03E6636D2CB889CE0023BBB2 /* Frameworks */,
				03E6636E2CB889CE0023BBB2 /* Resources */,
			);
			buildRules = (
			);
			dependencies = (
			);
			name = TestMapAndAddress;
			productName = TestMapAndAddress;
			productReference = 03E663702CB889CE0023BBB2 /* TestMapAndAddress.app */;
			productType = "com.apple.product-type.application";
		};
/* End PBXNativeTarget section */

/* Begin PBXProject section */
		03E663682CB889CE0023BBB2 /* Project object */ = {
			isa = PBXProject;
			attributes = {
				BuildIndependentTargetsInParallel = 1;
				LastSwiftUpdateCheck = 1540;
				LastUpgradeCheck = 1540;
				TargetAttributes = {
					03E6636F2CB889CE0023BBB2 = {
						CreatedOnToolsVersion = 15.4;
					};
				};
			};
			buildConfigurationList = 03E6636B2CB889CE0023BBB2 /* Build configuration list for PBXProject "TestMapAndAddress" */;
			compatibilityVersion = "Xcode 14.0";
			developmentRegion = en;
			hasScannedForEncodings = 0;
			knownRegions = (
				en,
				Base,
			);
			mainGroup = 03E663672CB889CE0023BBB2;
			productRefGroup = 03E663712CB889CE0023BBB2 /* Products */;
			projectDirPath = "";
			projectRoot = "";
			targets = (
				03E6636F2CB889CE0023BBB2 /* TestMapAndAddress */,
			);
		};
/* End PBXProject section */

/* Begin PBXResourcesBuildPhase section */
		03E6636E2CB889CE0023BBB2 /* Resources */ = {
			isa = PBXResourcesBuildPhase;
			buildActionMask = 2147483647;
			files = (
				03E663812CB889D00023BBB2 /* Preview Assets.xcassets in Resources */,
				03E6637D2CB889D00023BBB2 /* Assets.xcassets in Resources */,
			);
			runOnlyForDeploymentPostprocessing = 0;
		};
/* End PBXResourcesBuildPhase section */

/* Begin PBXSourcesBuildPhase section */
		03E6636C2CB889CE0023BBB2 /* Sources */ = {
			isa = PBXSourcesBuildPhase;
			buildActionMask = 2147483647;
			files = (
				03F057712CBDA2EA00D20360 /* StoreDetailView.swift in Sources */,
				03E663792CB889CE0023BBB2 /* TestMapAndAddress.xcdatamodeld in Sources */,
				03E663742CB889CE0023BBB2 /* TestMapAndAddressApp.swift in Sources */,
				03F057732CBDC99500D20360 /* HomeViewModel.swift in Sources */,
				03E6637B2CB889CE0023BBB2 /* TestMapAndAddressView.swift in Sources */,
				03F0576F2CBD4F1B00D20360 /* HomeView.swift in Sources */,
				03E663762CB889CE0023BBB2 /* Persistence.swift in Sources */,
				03E663882CB88A800023BBB2 /* TestMapAndAddressViewModel.swift in Sources */,
			);
			runOnlyForDeploymentPostprocessing = 0;
		};
/* End PBXSourcesBuildPhase section */

/* Begin XCBuildConfiguration section */
		03E663822CB889D00023BBB2 /* Debug */ = {
			isa = XCBuildConfiguration;
			buildSettings = {
				ALWAYS_SEARCH_USER_PATHS = NO;
				ASSETCATALOG_COMPILER_GENERATE_SWIFT_ASSET_SYMBOL_EXTENSIONS = YES;
				CLANG_ANALYZER_NONNULL = YES;
				CLANG_ANALYZER_NUMBER_OBJECT_CONVERSION = YES_AGGRESSIVE;
				CLANG_CXX_LANGUAGE_STANDARD = "gnu++20";
				CLANG_ENABLE_MODULES = YES;
				CLANG_ENABLE_OBJC_ARC = YES;
				CLANG_ENABLE_OBJC_WEAK = YES;
				CLANG_WARN_BLOCK_CAPTURE_AUTORELEASING = YES;
				CLANG_WARN_BOOL_CONVERSION = YES;
				CLANG_WARN_COMMA = YES;
				CLANG_WARN_CONSTANT_CONVERSION = YES;
				CLANG_WARN_DEPRECATED_OBJC_IMPLEMENTATIONS = YES;
				CLANG_WARN_DIRECT_OBJC_ISA_USAGE = YES_ERROR;
				CLANG_WARN_DOCUMENTATION_COMMENTS = YES;
				CLANG_WARN_EMPTY_BODY = YES;
				CLANG_WARN_ENUM_CONVERSION = YES;
				CLANG_WARN_INFINITE_RECURSION = YES;
				CLANG_WARN_INT_CONVERSION = YES;
				CLANG_WARN_NON_LITERAL_NULL_CONVERSION = YES;
				CLANG_WARN_OBJC_IMPLICIT_RETAIN_SELF = YES;
				CLANG_WARN_OBJC_LITERAL_CONVERSION = YES;
				CLANG_WARN_OBJC_ROOT_CLASS = YES_ERROR;
				CLANG_WARN_QUOTED_INCLUDE_IN_FRAMEWORK_HEADER = YES;
				CLANG_WARN_RANGE_LOOP_ANALYSIS = YES;
				CLANG_WARN_STRICT_PROTOTYPES = YES;
				CLANG_WARN_SUSPICIOUS_MOVE = YES;
				CLANG_WARN_UNGUARDED_AVAILABILITY = YES_AGGRESSIVE;
				CLANG_WARN_UNREACHABLE_CODE = YES;
				CLANG_WARN__DUPLICATE_METHOD_MATCH = YES;
				COPY_PHASE_STRIP = NO;
				DEBUG_INFORMATION_FORMAT = dwarf;
				ENABLE_STRICT_OBJC_MSGSEND = YES;
				ENABLE_TESTABILITY = YES;
				ENABLE_USER_SCRIPT_SANDBOXING = YES;
				GCC_C_LANGUAGE_STANDARD = gnu17;
				GCC_DYNAMIC_NO_PIC = NO;
				GCC_NO_COMMON_BLOCKS = YES;
				GCC_OPTIMIZATION_LEVEL = 0;
				GCC_PREPROCESSOR_DEFINITIONS = (
					"DEBUG=1",
					"$(inherited)",
				);
				GCC_WARN_64_TO_32_BIT_CONVERSION = YES;
				GCC_WARN_ABOUT_RETURN_TYPE = YES_ERROR;
				GCC_WARN_UNDECLARED_SELECTOR = YES;
				GCC_WARN_UNINITIALIZED_AUTOS = YES_AGGRESSIVE;
				GCC_WARN_UNUSED_FUNCTION = YES;
				GCC_WARN_UNUSED_VARIABLE = YES;
				LOCALIZATION_PREFERS_STRING_CATALOGS = YES;
				MTL_ENABLE_DEBUG_INFO = INCLUDE_SOURCE;
				MTL_FAST_MATH = YES;
				ONLY_ACTIVE_ARCH = YES;
				SWIFT_ACTIVE_COMPILATION_CONDITIONS = "DEBUG $(inherited)";
				SWIFT_OPTIMIZATION_LEVEL = "-Onone";
			};
			name = Debug;
		};
		03E663832CB889D00023BBB2 /* Release */ = {
			isa = XCBuildConfiguration;
			buildSettings = {
				ALWAYS_SEARCH_USER_PATHS = NO;
				ASSETCATALOG_COMPILER_GENERATE_SWIFT_ASSET_SYMBOL_EXTENSIONS = YES;
				CLANG_ANALYZER_NONNULL = YES;
				CLANG_ANALYZER_NUMBER_OBJECT_CONVERSION = YES_AGGRESSIVE;
				CLANG_CXX_LANGUAGE_STANDARD = "gnu++20";
				CLANG_ENABLE_MODULES = YES;
				CLANG_ENABLE_OBJC_ARC = YES;
				CLANG_ENABLE_OBJC_WEAK = YES;
				CLANG_WARN_BLOCK_CAPTURE_AUTORELEASING = YES;
				CLANG_WARN_BOOL_CONVERSION = YES;
				CLANG_WARN_COMMA = YES;
				CLANG_WARN_CONSTANT_CONVERSION = YES;
				CLANG_WARN_DEPRECATED_OBJC_IMPLEMENTATIONS = YES;
				CLANG_WARN_DIRECT_OBJC_ISA_USAGE = YES_ERROR;
				CLANG_WARN_DOCUMENTATION_COMMENTS = YES;
				CLANG_WARN_EMPTY_BODY = YES;
				CLANG_WARN_ENUM_CONVERSION = YES;
				CLANG_WARN_INFINITE_RECURSION = YES;
				CLANG_WARN_INT_CONVERSION = YES;
				CLANG_WARN_NON_LITERAL_NULL_CONVERSION = YES;
				CLANG_WARN_OBJC_IMPLICIT_RETAIN_SELF = YES;
				CLANG_WARN_OBJC_LITERAL_CONVERSION = YES;
				CLANG_WARN_OBJC_ROOT_CLASS = YES_ERROR;
				CLANG_WARN_QUOTED_INCLUDE_IN_FRAMEWORK_HEADER = YES;
				CLANG_WARN_RANGE_LOOP_ANALYSIS = YES;
				CLANG_WARN_STRICT_PROTOTYPES = YES;
				CLANG_WARN_SUSPICIOUS_MOVE = YES;
				CLANG_WARN_UNGUARDED_AVAILABILITY = YES_AGGRESSIVE;
				CLANG_WARN_UNREACHABLE_CODE = YES;
				CLANG_WARN__DUPLICATE_METHOD_MATCH = YES;
				COPY_PHASE_STRIP = NO;
				DEBUG_INFORMATION_FORMAT = "dwarf-with-dsym";
				ENABLE_NS_ASSERTIONS = NO;
				ENABLE_STRICT_OBJC_MSGSEND = YES;
				ENABLE_USER_SCRIPT_SANDBOXING = YES;
				GCC_C_LANGUAGE_STANDARD = gnu17;
				GCC_NO_COMMON_BLOCKS = YES;
				GCC_WARN_64_TO_32_BIT_CONVERSION = YES;
				GCC_WARN_ABOUT_RETURN_TYPE = YES_ERROR;
				GCC_WARN_UNDECLARED_SELECTOR = YES;
				GCC_WARN_UNINITIALIZED_AUTOS = YES_AGGRESSIVE;
				GCC_WARN_UNUSED_FUNCTION = YES;
				GCC_WARN_UNUSED_VARIABLE = YES;
				LOCALIZATION_PREFERS_STRING_CATALOGS = YES;
				MTL_ENABLE_DEBUG_INFO = NO;
				MTL_FAST_MATH = YES;
				SWIFT_COMPILATION_MODE = wholemodule;
			};
			name = Release;
		};
		03E663852CB889D00023BBB2 /* Debug */ = {
			isa = XCBuildConfiguration;
			buildSettings = {
				ASSETCATALOG_COMPILER_APPICON_NAME = AppIcon;
				ASSETCATALOG_COMPILER_GLOBAL_ACCENT_COLOR_NAME = AccentColor;
				CODE_SIGN_ENTITLEMENTS = TestMapAndAddress/TestMapAndAddress.entitlements;
				CODE_SIGN_STYLE = Automatic;
				CURRENT_PROJECT_VERSION = 1;
				DEVELOPMENT_ASSET_PATHS = "\"TestMapAndAddress/Preview Content\"";
				ENABLE_PREVIEWS = YES;
				GENERATE_INFOPLIST_FILE = YES;
				"INFOPLIST_KEY_UIApplicationSceneManifest_Generation[sdk=iphoneos*]" = YES;
				"INFOPLIST_KEY_UIApplicationSceneManifest_Generation[sdk=iphonesimulator*]" = YES;
				"INFOPLIST_KEY_UIApplicationSupportsIndirectInputEvents[sdk=iphoneos*]" = YES;
				"INFOPLIST_KEY_UIApplicationSupportsIndirectInputEvents[sdk=iphonesimulator*]" = YES;
				"INFOPLIST_KEY_UILaunchScreen_Generation[sdk=iphoneos*]" = YES;
				"INFOPLIST_KEY_UILaunchScreen_Generation[sdk=iphonesimulator*]" = YES;
				"INFOPLIST_KEY_UIStatusBarStyle[sdk=iphoneos*]" = UIStatusBarStyleDefault;
				"INFOPLIST_KEY_UIStatusBarStyle[sdk=iphonesimulator*]" = UIStatusBarStyleDefault;
				INFOPLIST_KEY_UISupportedInterfaceOrientations_iPad = "UIInterfaceOrientationPortrait UIInterfaceOrientationPortraitUpsideDown UIInterfaceOrientationLandscapeLeft UIInterfaceOrientationLandscapeRight";
				INFOPLIST_KEY_UISupportedInterfaceOrientations_iPhone = "UIInterfaceOrientationPortrait UIInterfaceOrientationLandscapeLeft UIInterfaceOrientationLandscapeRight";
				IPHONEOS_DEPLOYMENT_TARGET = 17.5;
				LD_RUNPATH_SEARCH_PATHS = "@executable_path/Frameworks";
				"LD_RUNPATH_SEARCH_PATHS[sdk=macosx*]" = "@executable_path/../Frameworks";
				MACOSX_DEPLOYMENT_TARGET = 14.5;
				MARKETING_VERSION = 1.0;
				PRODUCT_BUNDLE_IDENTIFIER = "takahashi20241011.-TestMapAndAddress.TestMapAndAddress";
				PRODUCT_NAME = "$(TARGET_NAME)";
				SDKROOT = auto;
				SUPPORTED_PLATFORMS = "iphoneos iphonesimulator macosx";
				SWIFT_EMIT_LOC_STRINGS = YES;
				SWIFT_VERSION = 5.0;
				TARGETED_DEVICE_FAMILY = "1,2";
			};
			name = Debug;
		};
		03E663862CB889D00023BBB2 /* Release */ = {
			isa = XCBuildConfiguration;
			buildSettings = {
				ASSETCATALOG_COMPILER_APPICON_NAME = AppIcon;
				ASSETCATALOG_COMPILER_GLOBAL_ACCENT_COLOR_NAME = AccentColor;
				CODE_SIGN_ENTITLEMENTS = TestMapAndAddress/TestMapAndAddress.entitlements;
				CODE_SIGN_STYLE = Automatic;
				CURRENT_PROJECT_VERSION = 1;
				DEVELOPMENT_ASSET_PATHS = "\"TestMapAndAddress/Preview Content\"";
				ENABLE_PREVIEWS = YES;
				GENERATE_INFOPLIST_FILE = YES;
				"INFOPLIST_KEY_UIApplicationSceneManifest_Generation[sdk=iphoneos*]" = YES;
				"INFOPLIST_KEY_UIApplicationSceneManifest_Generation[sdk=iphonesimulator*]" = YES;
				"INFOPLIST_KEY_UIApplicationSupportsIndirectInputEvents[sdk=iphoneos*]" = YES;
				"INFOPLIST_KEY_UIApplicationSupportsIndirectInputEvents[sdk=iphonesimulator*]" = YES;
				"INFOPLIST_KEY_UILaunchScreen_Generation[sdk=iphoneos*]" = YES;
				"INFOPLIST_KEY_UILaunchScreen_Generation[sdk=iphonesimulator*]" = YES;
				"INFOPLIST_KEY_UIStatusBarStyle[sdk=iphoneos*]" = UIStatusBarStyleDefault;
				"INFOPLIST_KEY_UIStatusBarStyle[sdk=iphonesimulator*]" = UIStatusBarStyleDefault;
				INFOPLIST_KEY_UISupportedInterfaceOrientations_iPad = "UIInterfaceOrientationPortrait UIInterfaceOrientationPortraitUpsideDown UIInterfaceOrientationLandscapeLeft UIInterfaceOrientationLandscapeRight";
				INFOPLIST_KEY_UISupportedInterfaceOrientations_iPhone = "UIInterfaceOrientationPortrait UIInterfaceOrientationLandscapeLeft UIInterfaceOrientationLandscapeRight";
				IPHONEOS_DEPLOYMENT_TARGET = 17.5;
				LD_RUNPATH_SEARCH_PATHS = "@executable_path/Frameworks";
				"LD_RUNPATH_SEARCH_PATHS[sdk=macosx*]" = "@executable_path/../Frameworks";
				MACOSX_DEPLOYMENT_TARGET = 14.5;
				MARKETING_VERSION = 1.0;
				PRODUCT_BUNDLE_IDENTIFIER = "takahashi20241011.-TestMapAndAddress.TestMapAndAddress";
				PRODUCT_NAME = "$(TARGET_NAME)";
				SDKROOT = auto;
				SUPPORTED_PLATFORMS = "iphoneos iphonesimulator macosx";
				SWIFT_EMIT_LOC_STRINGS = YES;
				SWIFT_VERSION = 5.0;
				TARGETED_DEVICE_FAMILY = "1,2";
			};
			name = Release;
		};
/* End XCBuildConfiguration section */

/* Begin XCConfigurationList section */
		03E6636B2CB889CE0023BBB2 /* Build configuration list for PBXProject "TestMapAndAddress" */ = {
			isa = XCConfigurationList;
			buildConfigurations = (
				03E663822CB889D00023BBB2 /* Debug */,
				03E663832CB889D00023BBB2 /* Release */,
			);
			defaultConfigurationIsVisible = 0;
			defaultConfigurationName = Release;
		};
		03E663842CB889D00023BBB2 /* Build configuration list for PBXNativeTarget "TestMapAndAddress" */ = {
			isa = XCConfigurationList;
			buildConfigurations = (
				03E663852CB889D00023BBB2 /* Debug */,
				03E663862CB889D00023BBB2 /* Release */,
			);
			defaultConfigurationIsVisible = 0;
			defaultConfigurationName = Release;
		};
/* End XCConfigurationList section */

/* Begin XCVersionGroup section */
		03E663772CB889CE0023BBB2 /* TestMapAndAddress.xcdatamodeld */ = {
			isa = XCVersionGroup;
			children = (
				03E663782CB889CE0023BBB2 /* TestMapAndAddress.xcdatamodel */,
			);
			currentVersion = 03E663782CB889CE0023BBB2 /* TestMapAndAddress.xcdatamodel */;
			path = TestMapAndAddress.xcdatamodeld;
			sourceTree = "<group>";
			versionGroupType = wrapper.xcdatamodel;
		};
/* End XCVersionGroup section */
	};
	rootObject = 03E663682CB889CE0023BBB2 /* Project object */;
}
